
Microsoft Visual Studio Solution File, Format Version 12.00
# Visual Studio Version 17
VisualStudioVersion = 17.4.33205.214
MinimumVisualStudioVersion = 10.0.40219.1
Project("{9A19103F-16F7-4668-BE54-9A1E7A4F7556}") = "coIT.Lexoffice.GdiExport", "coIT.Lexoffice.GdiExport\coIT.Lexoffice.GdiExport.csproj", "{2563C694-A77C-4AAC-983A-9AD3613AFE6D}"
EndProject
Project("{9A19103F-16F7-4668-BE54-9A1E7A4F7556}") = "coIT.Database", "coIT.Database\coIT.Database.csproj", "{31F0AC27-6072-4C94-8A8F-3F6955301AE4}"
EndProject
Project("{9A19103F-16F7-4668-BE54-9A1E7A4F7556}") = "coIT.Clockodo.QuickActions", "coIT.Clockodo.QuickActions\coIT.Clockodo.QuickActions.csproj", "{4283EF54-0F96-4F59-BD8C-1A39F4ECE76C}"
EndProject
Project("{9A19103F-16F7-4668-BE54-9A1E7A4F7556}") = "coIT.Libraries.WinForms", "coIT.Libraries.WinForms\coIT.Libraries.WinForms.csproj", "{A5F55FF1-8DE2-4673-87D1-47FAEE431CCC}"
EndProject
Project("{9A19103F-16F7-4668-BE54-9A1E7A4F7556}") = "coIT.Libraries.Gdi", "coIT.Libraries.Gdi\coIT.Libraries.Gdi.csproj", "{0AB52FE6-85E3-49DC-89D1-E3B5D123613D}"
EndProject
Project("{9A19103F-16F7-4668-BE54-9A1E7A4F7556}") = "coIT.AbsencesExport", "coIT.AbsencesExport\coIT.AbsencesExport.csproj", "{D0927438-11D2-49F9-A669-09B8E62AAC9E}"
EndProject
Project("{9A19103F-16F7-4668-BE54-9A1E7A4F7556}") = "coIT.Libraries.TimeCard", "coIT.Libraries.TimeCard\coIT.Libraries.TimeCard.csproj", "{F33D9A7F-EFF4-4C7A-AA9A-E4F20A4B02CB}"
EndProject
Project("{9A19103F-16F7-4668-BE54-9A1E7A4F7556}") = "coIT.Libraries.LexOffice", "coIT.Libraries.Lexoffice\coIT.Libraries.LexOffice.csproj", "{E0C0E388-1F1F-45FE-A0EA-D9927880CA30}"
EndProject
Project("{9A19103F-16F7-4668-BE54-9A1E7A4F7556}") = "coIT.Clockodo.SicknessSum", "coIT.Clockodo.SicknessSum\coIT.Clockodo.SicknessSum.csproj", "{D591472A-2201-4F7F-AC88-E8C80069F92E}"
EndProject
Project("{9A19103F-16F7-4668-BE54-9A1E7A4F7556}") = "coIT.Clockodo.TimeEntriesValidator", "coIT.Clockodo.TimeEntriesValidator\coIT.Clockodo.TimeEntriesValidator.csproj", "{84ED1BD0-6D4F-4360-82E1-31DCC8587EAC}"
EndProject
Project("{9A19103F-16F7-4668-BE54-9A1E7A4F7556}") = "coIT.Libraries.Clockodo", "coIT.Libraries.Clockodo\coIT.Libraries.Clockodo.csproj", "{EFA17209-7AED-4AF9-8393-96F9A5BCE7D9}"
EndProject
Project("{2150E333-8FDC-42A3-9474-1A3956D46DE8}") = "Libraries", "Libraries", "{7634055D-3512-4025-8E1B-1E6B4490C213}"
EndProject
Project("{2150E333-8FDC-42A3-9474-1A3956D46DE8}") = "Tools", "Tools", "{CB5F52CB-42A7-42B3-B6EE-1C3A6A9AD295}"
EndProject
Project("{9A19103F-16F7-4668-BE54-9A1E7A4F7556}") = "coIT.Libraries.Clockodo.BusinessRules", "coIT.Libraries.Clockodo.BusinessRules\coIT.Libraries.Clockodo.BusinessRules.csproj", "{6135B5B4-A5AF-461E-ADB4-757795EE5877}"
EndProject
Project("{2150E333-8FDC-42A3-9474-1A3956D46DE8}") = "Installers", "Installers", "{D41A7562-2720-4E2F-978A-C34A3B87538D}"
EndProject
Project("{840C416C-B8F3-42BC-B0DD-F6BB14C9F8CB}") = "coIT.Clockodo.TimeEntriesValidator.Installer", "coIT.Clockodo.TimeEntriesValidator.Installer\coIT.Clockodo.TimeEntriesValidator.Installer.aiproj", "{118A7C39-EB46-4BEC-8FBB-B37C51B922DB}"
EndProject
Project("{840C416C-B8F3-42BC-B0DD-F6BB14C9F8CB}") = "coIT.Lexoffice.GdiExport.Installer", "coIT.Lexoffice.GdiExport.Installer\coIT.Lexoffice.GdiExport.Installer.aiproj", "{256727C6-1191-46DB-A037-6D2132D8825A}"
EndProject
Project("{9A19103F-16F7-4668-BE54-9A1E7A4F7556}") = "coIT.Libraries.Sendgrid", "coIT.Libraries.Sendgrid\coIT.Libraries.Sendgrid.csproj", "{E98A3E62-CC11-4147-A720-71BE62A4728B}"
EndProject
Project("{840C416C-B8F3-42BC-B0DD-F6BB14C9F8CB}") = "coIT.Clockodo.QuickActions.Installer", "coIT.Clockodo.QuickActions.Installer\coIT.Clockodo.QuickActions.Installer.aiproj", "{20FCB3A9-028D-4827-B11C-B02FE0F9A7BD}"
EndProject
Project("{9A19103F-16F7-4668-BE54-9A1E7A4F7556}") = "coIT.Libraries.ConfigurationManager", "coIT.Libraries.ConfigurationManager\coIT.Libraries.ConfigurationManager.csproj", "{D58BBF89-A346-4695-BE8B-663936608609}"
EndProject
Global
	GlobalSection(SolutionConfigurationPlatforms) = preSolution
		Debug|Any CPU = Debug|Any CPU
		DefaultBuild|Any CPU = DefaultBuild|Any CPU
		Release|Any CPU = Release|Any CPU
	EndGlobalSection
	GlobalSection(ProjectConfigurationPlatforms) = postSolution
		{2563C694-A77C-4AAC-983A-9AD3613AFE6D}.Debug|Any CPU.ActiveCfg = Debug|Any CPU
		{2563C694-A77C-4AAC-983A-9AD3613AFE6D}.Debug|Any CPU.Build.0 = Debug|Any CPU
		{2563C694-A77C-4AAC-983A-9AD3613AFE6D}.DefaultBuild|Any CPU.ActiveCfg = Debug|Any CPU
		{2563C694-A77C-4AAC-983A-9AD3613AFE6D}.DefaultBuild|Any CPU.Build.0 = Debug|Any CPU
		{2563C694-A77C-4AAC-983A-9AD3613AFE6D}.Release|Any CPU.ActiveCfg = Release|Any CPU
		{2563C694-A77C-4AAC-983A-9AD3613AFE6D}.Release|Any CPU.Build.0 = Release|Any CPU
		{31F0AC27-6072-4C94-8A8F-3F6955301AE4}.Debug|Any CPU.ActiveCfg = Debug|Any CPU
		{31F0AC27-6072-4C94-8A8F-3F6955301AE4}.Debug|Any CPU.Build.0 = Debug|Any CPU
		{31F0AC27-6072-4C94-8A8F-3F6955301AE4}.DefaultBuild|Any CPU.ActiveCfg = Debug|Any CPU
		{31F0AC27-6072-4C94-8A8F-3F6955301AE4}.DefaultBuild|Any CPU.Build.0 = Debug|Any CPU
		{31F0AC27-6072-4C94-8A8F-3F6955301AE4}.Release|Any CPU.ActiveCfg = Release|Any CPU
		{31F0AC27-6072-4C94-8A8F-3F6955301AE4}.Release|Any CPU.Build.0 = Release|Any CPU
		{4283EF54-0F96-4F59-BD8C-1A39F4ECE76C}.Debug|Any CPU.ActiveCfg = Debug|Any CPU
		{4283EF54-0F96-4F59-BD8C-1A39F4ECE76C}.Debug|Any CPU.Build.0 = Debug|Any CPU
		{4283EF54-0F96-4F59-BD8C-1A39F4ECE76C}.DefaultBuild|Any CPU.ActiveCfg = Debug|Any CPU
		{4283EF54-0F96-4F59-BD8C-1A39F4ECE76C}.DefaultBuild|Any CPU.Build.0 = Debug|Any CPU
		{4283EF54-0F96-4F59-BD8C-1A39F4ECE76C}.Release|Any CPU.ActiveCfg = Release|Any CPU
		{4283EF54-0F96-4F59-BD8C-1A39F4ECE76C}.Release|Any CPU.Build.0 = Release|Any CPU
		{A5F55FF1-8DE2-4673-87D1-47FAEE431CCC}.Debug|Any CPU.ActiveCfg = Debug|Any CPU
		{A5F55FF1-8DE2-4673-87D1-47FAEE431CCC}.Debug|Any CPU.Build.0 = Debug|Any CPU
		{A5F55FF1-8DE2-4673-87D1-47FAEE431CCC}.DefaultBuild|Any CPU.ActiveCfg = Debug|Any CPU
		{A5F55FF1-8DE2-4673-87D1-47FAEE431CCC}.DefaultBuild|Any CPU.Build.0 = Debug|Any CPU
		{A5F55FF1-8DE2-4673-87D1-47FAEE431CCC}.Release|Any CPU.ActiveCfg = Release|Any CPU
		{A5F55FF1-8DE2-4673-87D1-47FAEE431CCC}.Release|Any CPU.Build.0 = Release|Any CPU
		{0AB52FE6-85E3-49DC-89D1-E3B5D123613D}.Debug|Any CPU.ActiveCfg = Debug|Any CPU
		{0AB52FE6-85E3-49DC-89D1-E3B5D123613D}.Debug|Any CPU.Build.0 = Debug|Any CPU
		{0AB52FE6-85E3-49DC-89D1-E3B5D123613D}.DefaultBuild|Any CPU.ActiveCfg = Debug|Any CPU
		{0AB52FE6-85E3-49DC-89D1-E3B5D123613D}.DefaultBuild|Any CPU.Build.0 = Debug|Any CPU
		{0AB52FE6-85E3-49DC-89D1-E3B5D123613D}.Release|Any CPU.ActiveCfg = Release|Any CPU
		{0AB52FE6-85E3-49DC-89D1-E3B5D123613D}.Release|Any CPU.Build.0 = Release|Any CPU
		{D0927438-11D2-49F9-A669-09B8E62AAC9E}.Debug|Any CPU.ActiveCfg = Debug|Any CPU
		{D0927438-11D2-49F9-A669-09B8E62AAC9E}.Debug|Any CPU.Build.0 = Debug|Any CPU
		{D0927438-11D2-49F9-A669-09B8E62AAC9E}.DefaultBuild|Any CPU.ActiveCfg = Debug|Any CPU
		{D0927438-11D2-49F9-A669-09B8E62AAC9E}.DefaultBuild|Any CPU.Build.0 = Debug|Any CPU
		{D0927438-11D2-49F9-A669-09B8E62AAC9E}.Release|Any CPU.ActiveCfg = Release|Any CPU
		{D0927438-11D2-49F9-A669-09B8E62AAC9E}.Release|Any CPU.Build.0 = Release|Any CPU
		{F33D9A7F-EFF4-4C7A-AA9A-E4F20A4B02CB}.Debug|Any CPU.ActiveCfg = Debug|Any CPU
		{F33D9A7F-EFF4-4C7A-AA9A-E4F20A4B02CB}.Debug|Any CPU.Build.0 = Debug|Any CPU
		{F33D9A7F-EFF4-4C7A-AA9A-E4F20A4B02CB}.DefaultBuild|Any CPU.ActiveCfg = Debug|Any CPU
		{F33D9A7F-EFF4-4C7A-AA9A-E4F20A4B02CB}.DefaultBuild|Any CPU.Build.0 = Debug|Any CPU
		{F33D9A7F-EFF4-4C7A-AA9A-E4F20A4B02CB}.Release|Any CPU.ActiveCfg = Release|Any CPU
		{F33D9A7F-EFF4-4C7A-AA9A-E4F20A4B02CB}.Release|Any CPU.Build.0 = Release|Any CPU
		{E0C0E388-1F1F-45FE-A0EA-D9927880CA30}.Debug|Any CPU.ActiveCfg = Debug|Any CPU
		{E0C0E388-1F1F-45FE-A0EA-D9927880CA30}.Debug|Any CPU.Build.0 = Debug|Any CPU
		{E0C0E388-1F1F-45FE-A0EA-D9927880CA30}.DefaultBuild|Any CPU.ActiveCfg = Debug|Any CPU
		{E0C0E388-1F1F-45FE-A0EA-D9927880CA30}.DefaultBuild|Any CPU.Build.0 = Debug|Any CPU
		{E0C0E388-1F1F-45FE-A0EA-D9927880CA30}.Release|Any CPU.ActiveCfg = Release|Any CPU
		{E0C0E388-1F1F-45FE-A0EA-D9927880CA30}.Release|Any CPU.Build.0 = Release|Any CPU
		{D591472A-2201-4F7F-AC88-E8C80069F92E}.Debug|Any CPU.ActiveCfg = Debug|Any CPU
		{D591472A-2201-4F7F-AC88-E8C80069F92E}.Debug|Any CPU.Build.0 = Debug|Any CPU
		{D591472A-2201-4F7F-AC88-E8C80069F92E}.DefaultBuild|Any CPU.ActiveCfg = Debug|Any CPU
		{D591472A-2201-4F7F-AC88-E8C80069F92E}.DefaultBuild|Any CPU.Build.0 = Debug|Any CPU
		{D591472A-2201-4F7F-AC88-E8C80069F92E}.Release|Any CPU.ActiveCfg = Release|Any CPU
		{D591472A-2201-4F7F-AC88-E8C80069F92E}.Release|Any CPU.Build.0 = Release|Any CPU
		{84ED1BD0-6D4F-4360-82E1-31DCC8587EAC}.Debug|Any CPU.ActiveCfg = Debug|Any CPU
		{84ED1BD0-6D4F-4360-82E1-31DCC8587EAC}.Debug|Any CPU.Build.0 = Debug|Any CPU
		{84ED1BD0-6D4F-4360-82E1-31DCC8587EAC}.DefaultBuild|Any CPU.ActiveCfg = Debug|Any CPU
		{84ED1BD0-6D4F-4360-82E1-31DCC8587EAC}.DefaultBuild|Any CPU.Build.0 = Debug|Any CPU
		{84ED1BD0-6D4F-4360-82E1-31DCC8587EAC}.Release|Any CPU.ActiveCfg = Release|Any CPU
		{84ED1BD0-6D4F-4360-82E1-31DCC8587EAC}.Release|Any CPU.Build.0 = Release|Any CPU
		{EFA17209-7AED-4AF9-8393-96F9A5BCE7D9}.Debug|Any CPU.ActiveCfg = Debug|Any CPU
		{EFA17209-7AED-4AF9-8393-96F9A5BCE7D9}.Debug|Any CPU.Build.0 = Debug|Any CPU
		{EFA17209-7AED-4AF9-8393-96F9A5BCE7D9}.DefaultBuild|Any CPU.ActiveCfg = Debug|Any CPU
		{EFA17209-7AED-4AF9-8393-96F9A5BCE7D9}.DefaultBuild|Any CPU.Build.0 = Debug|Any CPU
		{EFA17209-7AED-4AF9-8393-96F9A5BCE7D9}.Release|Any CPU.ActiveCfg = Release|Any CPU
		{EFA17209-7AED-4AF9-8393-96F9A5BCE7D9}.Release|Any CPU.Build.0 = Release|Any CPU
		{6135B5B4-A5AF-461E-ADB4-757795EE5877}.Debug|Any CPU.ActiveCfg = Debug|Any CPU
		{6135B5B4-A5AF-461E-ADB4-757795EE5877}.Debug|Any CPU.Build.0 = Debug|Any CPU
		{6135B5B4-A5AF-461E-ADB4-757795EE5877}.DefaultBuild|Any CPU.ActiveCfg = Debug|Any CPU
		{6135B5B4-A5AF-461E-ADB4-757795EE5877}.DefaultBuild|Any CPU.Build.0 = Debug|Any CPU
		{6135B5B4-A5AF-461E-ADB4-757795EE5877}.Release|Any CPU.ActiveCfg = Release|Any CPU
		{6135B5B4-A5AF-461E-ADB4-757795EE5877}.Release|Any CPU.Build.0 = Release|Any CPU
		{118A7C39-EB46-4BEC-8FBB-B37C51B922DB}.Debug|Any CPU.ActiveCfg = DefaultBuild
		{118A7C39-EB46-4BEC-8FBB-B37C51B922DB}.Debug|Any CPU.Build.0 = DefaultBuild
		{118A7C39-EB46-4BEC-8FBB-B37C51B922DB}.DefaultBuild|Any CPU.ActiveCfg = DefaultBuild
		{118A7C39-EB46-4BEC-8FBB-B37C51B922DB}.DefaultBuild|Any CPU.Build.0 = DefaultBuild
		{118A7C39-EB46-4BEC-8FBB-B37C51B922DB}.Release|Any CPU.ActiveCfg = DefaultBuild
		{118A7C39-EB46-4BEC-8FBB-B37C51B922DB}.Release|Any CPU.Build.0 = DefaultBuild
		{256727C6-1191-46DB-A037-6D2132D8825A}.Debug|Any CPU.ActiveCfg = DefaultBuild
		{256727C6-1191-46DB-A037-6D2132D8825A}.Debug|Any CPU.Build.0 = DefaultBuild
		{256727C6-1191-46DB-A037-6D2132D8825A}.DefaultBuild|Any CPU.ActiveCfg = DefaultBuild
		{256727C6-1191-46DB-A037-6D2132D8825A}.DefaultBuild|Any CPU.Build.0 = DefaultBuild
		{256727C6-1191-46DB-A037-6D2132D8825A}.Release|Any CPU.ActiveCfg = DefaultBuild
		{256727C6-1191-46DB-A037-6D2132D8825A}.Release|Any CPU.Build.0 = DefaultBuild
		{E98A3E62-CC11-4147-A720-71BE62A4728B}.Debug|Any CPU.ActiveCfg = Debug|Any CPU
		{E98A3E62-CC11-4147-A720-71BE62A4728B}.Debug|Any CPU.Build.0 = Debug|Any CPU
		{E98A3E62-CC11-4147-A720-71BE62A4728B}.DefaultBuild|Any CPU.ActiveCfg = Debug|Any CPU
		{E98A3E62-CC11-4147-A720-71BE62A4728B}.DefaultBuild|Any CPU.Build.0 = Debug|Any CPU
		{E98A3E62-CC11-4147-A720-71BE62A4728B}.Release|Any CPU.ActiveCfg = Release|Any CPU
		{E98A3E62-CC11-4147-A720-71BE62A4728B}.Release|Any CPU.Build.0 = Release|Any CPU
		{20FCB3A9-028D-4827-B11C-B02FE0F9A7BD}.Debug|Any CPU.ActiveCfg = DefaultBuild
		{20FCB3A9-028D-4827-B11C-B02FE0F9A7BD}.Debug|Any CPU.Build.0 = DefaultBuild
		{20FCB3A9-028D-4827-B11C-B02FE0F9A7BD}.DefaultBuild|Any CPU.ActiveCfg = DefaultBuild
		{20FCB3A9-028D-4827-B11C-B02FE0F9A7BD}.DefaultBuild|Any CPU.Build.0 = DefaultBuild
		{20FCB3A9-028D-4827-B11C-B02FE0F9A7BD}.Release|Any CPU.ActiveCfg = DefaultBuild
		{20FCB3A9-028D-4827-B11C-B02FE0F9A7BD}.Release|Any CPU.Build.0 = DefaultBuild
		{D58BBF89-A346-4695-BE8B-663936608609}.Debug|Any CPU.ActiveCfg = Debug|Any CPU
		{D58BBF89-A346-4695-BE8B-663936608609}.Debug|Any CPU.Build.0 = Debug|Any CPU
		{D58BBF89-A346-4695-BE8B-663936608609}.DefaultBuild|Any CPU.ActiveCfg = Debug|Any CPU
		{D58BBF89-A346-4695-BE8B-663936608609}.DefaultBuild|Any CPU.Build.0 = Debug|Any CPU
		{D58BBF89-A346-4695-BE8B-663936608609}.Release|Any CPU.ActiveCfg = Release|Any CPU
		{D58BBF89-A346-4695-BE8B-663936608609}.Release|Any CPU.Build.0 = Release|Any CPU
	EndGlobalSection
	GlobalSection(SolutionProperties) = preSolution
		HideSolutionNode = FALSE
	EndGlobalSection
	GlobalSection(NestedProjects) = preSolution
		{2563C694-A77C-4AAC-983A-9AD3613AFE6D} = {CB5F52CB-42A7-42B3-B6EE-1C3A6A9AD295}
		{31F0AC27-6072-4C94-8A8F-3F6955301AE4} = {CB5F52CB-42A7-42B3-B6EE-1C3A6A9AD295}
		{4283EF54-0F96-4F59-BD8C-1A39F4ECE76C} = {CB5F52CB-42A7-42B3-B6EE-1C3A6A9AD295}
		{A5F55FF1-8DE2-4673-87D1-47FAEE431CCC} = {7634055D-3512-4025-8E1B-1E6B4490C213}
		{0AB52FE6-85E3-49DC-89D1-E3B5D123613D} = {7634055D-3512-4025-8E1B-1E6B4490C213}
		{D0927438-11D2-49F9-A669-09B8E62AAC9E} = {CB5F52CB-42A7-42B3-B6EE-1C3A6A9AD295}
		{F33D9A7F-EFF4-4C7A-AA9A-E4F20A4B02CB} = {7634055D-3512-4025-8E1B-1E6B4490C213}
		{E0C0E388-1F1F-45FE-A0EA-D9927880CA30} = {7634055D-3512-4025-8E1B-1E6B4490C213}
		{D591472A-2201-4F7F-AC88-E8C80069F92E} = {CB5F52CB-42A7-42B3-B6EE-1C3A6A9AD295}
		{84ED1BD0-6D4F-4360-82E1-31DCC8587EAC} = {CB5F52CB-42A7-42B3-B6EE-1C3A6A9AD295}
		{EFA17209-7AED-4AF9-8393-96F9A5BCE7D9} = {7634055D-3512-4025-8E1B-1E6B4490C213}
		{6135B5B4-A5AF-461E-ADB4-757795EE5877} = {7634055D-3512-4025-8E1B-1E6B4490C213}
		{118A7C39-EB46-4BEC-8FBB-B37C51B922DB} = {D41A7562-2720-4E2F-978A-C34A3B87538D}
		{256727C6-1191-46DB-A037-6D2132D8825A} = {D41A7562-2720-4E2F-978A-C34A3B87538D}
		{E98A3E62-CC11-4147-A720-71BE62A4728B} = {7634055D-3512-4025-8E1B-1E6B4490C213}
		{20FCB3A9-028D-4827-B11C-B02FE0F9A7BD} = {D41A7562-2720-4E2F-978A-C34A3B87538D}
		{D58BBF89-A346-4695-BE8B-663936608609} = {7634055D-3512-4025-8E1B-1E6B4490C213}
	EndGlobalSection
	GlobalSection(ExtensibilityGlobals) = postSolution
		SolutionGuid = {1887B788-0D2E-401F-A1F1-485D3CB74650}
	EndGlobalSection
EndGlobal
